// !$*UTF8*$!
{
	archiveVersion = 1;
	classes = {
	};
	objectVersion = 46;
	objects = {

/* Begin PBXBuildFile section */
		6565B6B5AE02F829F0C1072F /* Pods_BarBarGo.framework in Frameworks */ = {isa = PBXBuildFile; fileRef = 2281D6470AB3E20DB8EF6F2F /* Pods_BarBarGo.framework */; };
		CC6452E31D56053500938996 /* CoreLocation.framework in Frameworks */ = {isa = PBXBuildFile; fileRef = CC6452E21D56053500938996 /* CoreLocation.framework */; };
		CC6452E61D560DE200938996 /* PrivateKeys.swift in Sources */ = {isa = PBXBuildFile; fileRef = CC6452E51D560DE200938996 /* PrivateKeys.swift */; };
		CC6452EC1D560F8100938996 /* YelpExtension.swift in Sources */ = {isa = PBXBuildFile; fileRef = CC6452EB1D560F8100938996 /* YelpExtension.swift */; };
		CC6452EE1D56341300938996 /* MapKit.framework in Frameworks */ = {isa = PBXBuildFile; fileRef = CC6452ED1D56341300938996 /* MapKit.framework */; };
		FF19AEC01D579D3900D24C63 /* MapViewController.swift in Sources */ = {isa = PBXBuildFile; fileRef = FF19AEBF1D579D3900D24C63 /* MapViewController.swift */; };
		FF19AEC41D58E00200D24C63 /* ContainerViewController.swift in Sources */ = {isa = PBXBuildFile; fileRef = FF19AEC31D58E00200D24C63 /* ContainerViewController.swift */; };
		FF47DD6F1D5B6FBC006A5F33 /* NotificationHelper.swift in Sources */ = {isa = PBXBuildFile; fileRef = FF47DD6E1D5B6FBC006A5F33 /* NotificationHelper.swift */; };
		FFFFCFDE1D52F390005B2F23 /* AppDelegate.swift in Sources */ = {isa = PBXBuildFile; fileRef = FFFFCFDD1D52F390005B2F23 /* AppDelegate.swift */; };
		FFFFCFE01D52F390005B2F23 /* ViewController.swift in Sources */ = {isa = PBXBuildFile; fileRef = FFFFCFDF1D52F390005B2F23 /* ViewController.swift */; };
		FFFFCFE31D52F390005B2F23 /* Main.storyboard in Resources */ = {isa = PBXBuildFile; fileRef = FFFFCFE11D52F390005B2F23 /* Main.storyboard */; };
		FFFFCFE51D52F390005B2F23 /* Assets.xcassets in Resources */ = {isa = PBXBuildFile; fileRef = FFFFCFE41D52F390005B2F23 /* Assets.xcassets */; };
		FFFFCFE81D52F390005B2F23 /* LaunchScreen.storyboard in Resources */ = {isa = PBXBuildFile; fileRef = FFFFCFE61D52F390005B2F23 /* LaunchScreen.storyboard */; };
/* End PBXBuildFile section */

/* Begin PBXFileReference section */
		2281D6470AB3E20DB8EF6F2F /* Pods_BarBarGo.framework */ = {isa = PBXFileReference; explicitFileType = wrapper.framework; includeInIndex = 0; path = Pods_BarBarGo.framework; sourceTree = BUILT_PRODUCTS_DIR; };
		CC6452E21D56053500938996 /* CoreLocation.framework */ = {isa = PBXFileReference; lastKnownFileType = wrapper.framework; name = CoreLocation.framework; path = System/Library/Frameworks/CoreLocation.framework; sourceTree = SDKROOT; };
		CC6452E51D560DE200938996 /* PrivateKeys.swift */ = {isa = PBXFileReference; fileEncoding = 4; lastKnownFileType = sourcecode.swift; path = PrivateKeys.swift; sourceTree = "<group>"; };
		CC6452EB1D560F8100938996 /* YelpExtension.swift */ = {isa = PBXFileReference; fileEncoding = 4; lastKnownFileType = sourcecode.swift; path = YelpExtension.swift; sourceTree = "<group>"; };
		CC6452ED1D56341300938996 /* MapKit.framework */ = {isa = PBXFileReference; lastKnownFileType = wrapper.framework; name = MapKit.framework; path = System/Library/Frameworks/MapKit.framework; sourceTree = SDKROOT; };
		FAA359D0F2D399E78126BE94 /* Pods-BarBarGo.release.xcconfig */ = {isa = PBXFileReference; includeInIndex = 1; lastKnownFileType = text.xcconfig; name = "Pods-BarBarGo.release.xcconfig"; path = "Pods/Target Support Files/Pods-BarBarGo/Pods-BarBarGo.release.xcconfig"; sourceTree = "<group>"; };
		FCB12C9FB15C8833D4ACE139 /* Pods-BarBarGo.debug.xcconfig */ = {isa = PBXFileReference; includeInIndex = 1; lastKnownFileType = text.xcconfig; name = "Pods-BarBarGo.debug.xcconfig"; path = "Pods/Target Support Files/Pods-BarBarGo/Pods-BarBarGo.debug.xcconfig"; sourceTree = "<group>"; };
		FF19AEBF1D579D3900D24C63 /* MapViewController.swift */ = {isa = PBXFileReference; fileEncoding = 4; lastKnownFileType = sourcecode.swift; path = MapViewController.swift; sourceTree = "<group>"; };
		FF19AEC31D58E00200D24C63 /* ContainerViewController.swift */ = {isa = PBXFileReference; fileEncoding = 4; lastKnownFileType = sourcecode.swift; path = ContainerViewController.swift; sourceTree = "<group>"; };
		FF47DD6E1D5B6FBC006A5F33 /* NotificationHelper.swift */ = {isa = PBXFileReference; fileEncoding = 4; lastKnownFileType = sourcecode.swift; path = NotificationHelper.swift; sourceTree = "<group>"; };
		FFFFCFDA1D52F390005B2F23 /* BarBarGo.app */ = {isa = PBXFileReference; explicitFileType = wrapper.application; includeInIndex = 0; path = BarBarGo.app; sourceTree = BUILT_PRODUCTS_DIR; };
		FFFFCFDD1D52F390005B2F23 /* AppDelegate.swift */ = {isa = PBXFileReference; lastKnownFileType = sourcecode.swift; path = AppDelegate.swift; sourceTree = "<group>"; };
		FFFFCFDF1D52F390005B2F23 /* ViewController.swift */ = {isa = PBXFileReference; lastKnownFileType = sourcecode.swift; path = ViewController.swift; sourceTree = "<group>"; };
		FFFFCFE21D52F390005B2F23 /* Base */ = {isa = PBXFileReference; lastKnownFileType = file.storyboard; name = Base; path = Base.lproj/Main.storyboard; sourceTree = "<group>"; };
		FFFFCFE41D52F390005B2F23 /* Assets.xcassets */ = {isa = PBXFileReference; lastKnownFileType = folder.assetcatalog; path = Assets.xcassets; sourceTree = "<group>"; };
		FFFFCFE71D52F390005B2F23 /* Base */ = {isa = PBXFileReference; lastKnownFileType = file.storyboard; name = Base; path = Base.lproj/LaunchScreen.storyboard; sourceTree = "<group>"; };
		FFFFCFE91D52F390005B2F23 /* Info.plist */ = {isa = PBXFileReference; lastKnownFileType = text.plist.xml; path = Info.plist; sourceTree = "<group>"; };
/* End PBXFileReference section */

/* Begin PBXFrameworksBuildPhase section */
		FFFFCFD71D52F390005B2F23 /* Frameworks */ = {
			isa = PBXFrameworksBuildPhase;
			buildActionMask = 2147483647;
			files = (
				CC6452E31D56053500938996 /* CoreLocation.framework in Frameworks */,
				CC6452EE1D56341300938996 /* MapKit.framework in Frameworks */,
				6565B6B5AE02F829F0C1072F /* Pods_BarBarGo.framework in Frameworks */,
			);
			runOnlyForDeploymentPostprocessing = 0;
		};
/* End PBXFrameworksBuildPhase section */

/* Begin PBXGroup section */
		866EDBF3A84D0AC3A6CDE36F /* Frameworks */ = {
			isa = PBXGroup;
			children = (
				CC6452ED1D56341300938996 /* MapKit.framework */,
				CC6452E21D56053500938996 /* CoreLocation.framework */,
				2281D6470AB3E20DB8EF6F2F /* Pods_BarBarGo.framework */,
			);
			name = Frameworks;
			sourceTree = "<group>";
		};
		CC0D39571D5CDA1000A7354B /* View Controllers */ = {
			isa = PBXGroup;
			children = (
				FF19AEC31D58E00200D24C63 /* ContainerViewController.swift */,
				FFFFCFDF1D52F390005B2F23 /* ViewController.swift */,
				FF19AEBF1D579D3900D24C63 /* MapViewController.swift */,
			);
			name = "View Controllers";
			sourceTree = "<group>";
		};
		CC6452E41D560DD500938996 /* Private */ = {
			isa = PBXGroup;
			children = (
				CC6452E51D560DE200938996 /* PrivateKeys.swift */,
			);
			path = Private;
			sourceTree = "<group>";
		};
		CC6452EA1D560F7600938996 /* Helpers */ = {
			isa = PBXGroup;
			children = (
				CC6452EB1D560F8100938996 /* YelpExtension.swift */,
				FF47DD6E1D5B6FBC006A5F33 /* NotificationHelper.swift */,
			);
			path = Helpers;
			sourceTree = "<group>";
		};
		EDB477B88B005A690BE689D6 /* Pods */ = {
			isa = PBXGroup;
			children = (
				FCB12C9FB15C8833D4ACE139 /* Pods-BarBarGo.debug.xcconfig */,
				FAA359D0F2D399E78126BE94 /* Pods-BarBarGo.release.xcconfig */,
			);
			name = Pods;
			sourceTree = "<group>";
		};
		FFFFCFD11D52F390005B2F23 = {
			isa = PBXGroup;
			children = (
				FFFFCFDC1D52F390005B2F23 /* BarBarGo */,
				FFFFCFDB1D52F390005B2F23 /* Products */,
				EDB477B88B005A690BE689D6 /* Pods */,
				866EDBF3A84D0AC3A6CDE36F /* Frameworks */,
			);
			sourceTree = "<group>";
		};
		FFFFCFDB1D52F390005B2F23 /* Products */ = {
			isa = PBXGroup;
			children = (
				FFFFCFDA1D52F390005B2F23 /* BarBarGo.app */,
			);
			name = Products;
			sourceTree = "<group>";
		};
		FFFFCFDC1D52F390005B2F23 /* BarBarGo */ = {
			isa = PBXGroup;
			children = (
				CC0D39571D5CDA1000A7354B /* View Controllers */,
				CC6452EA1D560F7600938996 /* Helpers */,
				CC6452E41D560DD500938996 /* Private */,
				FFFFCFDD1D52F390005B2F23 /* AppDelegate.swift */,
				FFFFCFE11D52F390005B2F23 /* Main.storyboard */,
				FFFFCFE41D52F390005B2F23 /* Assets.xcassets */,
				FFFFCFE61D52F390005B2F23 /* LaunchScreen.storyboard */,
				FFFFCFE91D52F390005B2F23 /* Info.plist */,
			);
			path = BarBarGo;
			sourceTree = "<group>";
		};
/* End PBXGroup section */

/* Begin PBXNativeTarget section */
		FFFFCFD91D52F390005B2F23 /* BarBarGo */ = {
			isa = PBXNativeTarget;
			buildConfigurationList = FFFFCFEC1D52F390005B2F23 /* Build configuration list for PBXNativeTarget "BarBarGo" */;
			buildPhases = (
				3B096D3F7ED1704342FFAD13 /* [CP] Check Pods Manifest.lock */,
				FFFFCFD61D52F390005B2F23 /* Sources */,
				FFFFCFD71D52F390005B2F23 /* Frameworks */,
				FFFFCFD81D52F390005B2F23 /* Resources */,
				9CE2F978EC08A3A9E36D7A31 /* [CP] Embed Pods Frameworks */,
				374E63654807E2E8E55E8D67 /* [CP] Copy Pods Resources */,
			);
			buildRules = (
			);
			dependencies = (
			);
			name = BarBarGo;
			productName = BarBarGo;
			productReference = FFFFCFDA1D52F390005B2F23 /* BarBarGo.app */;
			productType = "com.apple.product-type.application";
		};
/* End PBXNativeTarget section */

/* Begin PBXProject section */
		FFFFCFD21D52F390005B2F23 /* Project object */ = {
			isa = PBXProject;
			attributes = {
				LastSwiftUpdateCheck = 0730;
				LastUpgradeCheck = 0730;
				ORGANIZATIONNAME = "Make School";
				TargetAttributes = {
					FFFFCFD91D52F390005B2F23 = {
						CreatedOnToolsVersion = 7.3.1;
						SystemCapabilities = {
							com.apple.Maps.iOS = {
								enabled = 1;
							};
						};
					};
				};
			};
			buildConfigurationList = FFFFCFD51D52F390005B2F23 /* Build configuration list for PBXProject "BarBarGo" */;
			compatibilityVersion = "Xcode 3.2";
			developmentRegion = English;
			hasScannedForEncodings = 0;
			knownRegions = (
				en,
				Base,
			);
			mainGroup = FFFFCFD11D52F390005B2F23;
			productRefGroup = FFFFCFDB1D52F390005B2F23 /* Products */;
			projectDirPath = "";
			projectRoot = "";
			targets = (
				FFFFCFD91D52F390005B2F23 /* BarBarGo */,
			);
		};
/* End PBXProject section */

/* Begin PBXResourcesBuildPhase section */
		FFFFCFD81D52F390005B2F23 /* Resources */ = {
			isa = PBXResourcesBuildPhase;
			buildActionMask = 2147483647;
			files = (
				FFFFCFE81D52F390005B2F23 /* LaunchScreen.storyboard in Resources */,
				FFFFCFE51D52F390005B2F23 /* Assets.xcassets in Resources */,
				FFFFCFE31D52F390005B2F23 /* Main.storyboard in Resources */,
			);
			runOnlyForDeploymentPostprocessing = 0;
		};
/* End PBXResourcesBuildPhase section */

/* Begin PBXShellScriptBuildPhase section */
		374E63654807E2E8E55E8D67 /* [CP] Copy Pods Resources */ = {
			isa = PBXShellScriptBuildPhase;
			buildActionMask = 2147483647;
			files = (
			);
			inputPaths = (
			);
			name = "[CP] Copy Pods Resources";
			outputPaths = (
			);
			runOnlyForDeploymentPostprocessing = 0;
			shellPath = /bin/sh;
			shellScript = "\"${SRCROOT}/Pods/Target Support Files/Pods-BarBarGo/Pods-BarBarGo-resources.sh\"\n";
			showEnvVarsInLog = 0;
		};
		3B096D3F7ED1704342FFAD13 /* [CP] Check Pods Manifest.lock */ = {
			isa = PBXShellScriptBuildPhase;
			buildActionMask = 2147483647;
			files = (
			);
			inputPaths = (
			);
			name = "[CP] Check Pods Manifest.lock";
			outputPaths = (
			);
			runOnlyForDeploymentPostprocessing = 0;
			shellPath = /bin/sh;
			shellScript = "diff \"${PODS_ROOT}/../Podfile.lock\" \"${PODS_ROOT}/Manifest.lock\" > /dev/null\nif [[ $? != 0 ]] ; then\n    cat << EOM\nerror: The sandbox is not in sync with the Podfile.lock. Run 'pod install' or update your CocoaPods installation.\nEOM\n    exit 1\nfi\n";
			showEnvVarsInLog = 0;
		};
		9CE2F978EC08A3A9E36D7A31 /* [CP] Embed Pods Frameworks */ = {
			isa = PBXShellScriptBuildPhase;
			buildActionMask = 2147483647;
			files = (
			);
			inputPaths = (
			);
			name = "[CP] Embed Pods Frameworks";
			outputPaths = (
			);
			runOnlyForDeploymentPostprocessing = 0;
			shellPath = /bin/sh;
			shellScript = "\"${SRCROOT}/Pods/Target Support Files/Pods-BarBarGo/Pods-BarBarGo-frameworks.sh\"\n";
			showEnvVarsInLog = 0;
		};
/* End PBXShellScriptBuildPhase section */

/* Begin PBXSourcesBuildPhase section */
		FFFFCFD61D52F390005B2F23 /* Sources */ = {
			isa = PBXSourcesBuildPhase;
			buildActionMask = 2147483647;
			files = (
				FFFFCFE01D52F390005B2F23 /* ViewController.swift in Sources */,
				CC6452EC1D560F8100938996 /* YelpExtension.swift in Sources */,
				FF47DD6F1D5B6FBC006A5F33 /* NotificationHelper.swift in Sources */,
				FFFFCFDE1D52F390005B2F23 /* AppDelegate.swift in Sources */,
				CC6452E61D560DE200938996 /* PrivateKeys.swift in Sources */,
				FF19AEC01D579D3900D24C63 /* MapViewController.swift in Sources */,
				FF19AEC41D58E00200D24C63 /* ContainerViewController.swift in Sources */,
			);
			runOnlyForDeploymentPostprocessing = 0;
		};
/* End PBXSourcesBuildPhase section */

/* Begin PBXVariantGroup section */
		FFFFCFE11D52F390005B2F23 /* Main.storyboard */ = {
			isa = PBXVariantGroup;
			children = (
				FFFFCFE21D52F390005B2F23 /* Base */,
			);
			name = Main.storyboard;
			sourceTree = "<group>";
		};
		FFFFCFE61D52F390005B2F23 /* LaunchScreen.storyboard */ = {
			isa = PBXVariantGroup;
			children = (
				FFFFCFE71D52F390005B2F23 /* Base */,
			);
			name = LaunchScreen.storyboard;
			sourceTree = "<group>";
		};
/* End PBXVariantGroup section */

/* Begin XCBuildConfiguration section */
		FFFFCFEA1D52F390005B2F23 /* Debug */ = {
			isa = XCBuildConfiguration;
			buildSettings = {
				ALWAYS_SEARCH_USER_PATHS = NO;
				CLANG_ANALYZER_NONNULL = YES;
				CLANG_CXX_LANGUAGE_STANDARD = "gnu++0x";
				CLANG_CXX_LIBRARY = "libc++";
				CLANG_ENABLE_MODULES = YES;
				CLANG_ENABLE_OBJC_ARC = YES;
				CLANG_WARN_BOOL_CONVERSION = YES;
				CLANG_WARN_CONSTANT_CONVERSION = YES;
				CLANG_WARN_DIRECT_OBJC_ISA_USAGE = YES_ERROR;
				CLANG_WARN_EMPTY_BODY = YES;
				CLANG_WARN_ENUM_CONVERSION = YES;
				CLANG_WARN_INT_CONVERSION = YES;
				CLANG_WARN_OBJC_ROOT_CLASS = YES_ERROR;
				CLANG_WARN_UNREACHABLE_CODE = YES;
				CLANG_WARN__DUPLICATE_METHOD_MATCH = YES;
				"CODE_SIGN_IDENTITY[sdk=iphoneos*]" = "iPhone Developer";
				COPY_PHASE_STRIP = NO;
				DEBUG_INFORMATION_FORMAT = dwarf;
				ENABLE_STRICT_OBJC_MSGSEND = YES;
				ENABLE_TESTABILITY = YES;
				GCC_C_LANGUAGE_STANDARD = gnu99;
				GCC_DYNAMIC_NO_PIC = NO;
				GCC_NO_COMMON_BLOCKS = YES;
				GCC_OPTIMIZATION_LEVEL = 0;
				GCC_PREPROCESSOR_DEFINITIONS = (
					"DEBUG=1",
					"$(inherited)",
				);
				GCC_WARN_64_TO_32_BIT_CONVERSION = YES;
				GCC_WARN_ABOUT_RETURN_TYPE = YES_ERROR;
				GCC_WARN_UNDECLARED_SELECTOR = YES;
				GCC_WARN_UNINITIALIZED_AUTOS = YES_AGGRESSIVE;
				GCC_WARN_UNUSED_FUNCTION = YES;
				GCC_WARN_UNUSED_VARIABLE = YES;
				IPHONEOS_DEPLOYMENT_TARGET = 9.3;
				MTL_ENABLE_DEBUG_INFO = YES;
				ONLY_ACTIVE_ARCH = YES;
				SDKROOT = iphoneos;
				SWIFT_OPTIMIZATION_LEVEL = "-Onone";
			};
			name = Debug;
		};
		FFFFCFEB1D52F390005B2F23 /* Release */ = {
			isa = XCBuildConfiguration;
			buildSettings = {
				ALWAYS_SEARCH_USER_PATHS = NO;
				CLANG_ANALYZER_NONNULL = YES;
				CLANG_CXX_LANGUAGE_STANDARD = "gnu++0x";
				CLANG_CXX_LIBRARY = "libc++";
				CLANG_ENABLE_MODULES = YES;
				CLANG_ENABLE_OBJC_ARC = YES;
				CLANG_WARN_BOOL_CONVERSION = YES;
				CLANG_WARN_CONSTANT_CONVERSION = YES;
				CLANG_WARN_DIRECT_OBJC_ISA_USAGE = YES_ERROR;
				CLANG_WARN_EMPTY_BODY = YES;
				CLANG_WARN_ENUM_CONVERSION = YES;
				CLANG_WARN_INT_CONVERSION = YES;
				CLANG_WARN_OBJC_ROOT_CLASS = YES_ERROR;
				CLANG_WARN_UNREACHABLE_CODE = YES;
				CLANG_WARN__DUPLICATE_METHOD_MATCH = YES;
				"CODE_SIGN_IDENTITY[sdk=iphoneos*]" = "iPhone Developer";
				COPY_PHASE_STRIP = NO;
				DEBUG_INFORMATION_FORMAT = "dwarf-with-dsym";
				ENABLE_NS_ASSERTIONS = NO;
				ENABLE_STRICT_OBJC_MSGSEND = YES;
				GCC_C_LANGUAGE_STANDARD = gnu99;
				GCC_NO_COMMON_BLOCKS = YES;
				GCC_WARN_64_TO_32_BIT_CONVERSION = YES;
				GCC_WARN_ABOUT_RETURN_TYPE = YES_ERROR;
				GCC_WARN_UNDECLARED_SELECTOR = YES;
				GCC_WARN_UNINITIALIZED_AUTOS = YES_AGGRESSIVE;
				GCC_WARN_UNUSED_FUNCTION = YES;
				GCC_WARN_UNUSED_VARIABLE = YES;
				IPHONEOS_DEPLOYMENT_TARGET = 9.3;
				MTL_ENABLE_DEBUG_INFO = NO;
				SDKROOT = iphoneos;
				VALIDATE_PRODUCT = YES;
			};
			name = Release;
		};
		FFFFCFED1D52F390005B2F23 /* Debug */ = {
			isa = XCBuildConfiguration;
			baseConfigurationReference = FCB12C9FB15C8833D4ACE139 /* Pods-BarBarGo.debug.xcconfig */;
			buildSettings = {
				ASSETCATALOG_COMPILER_APPICON_NAME = AppIcon;
				INFOPLIST_FILE = BarBarGo/Info.plist;
				LD_RUNPATH_SEARCH_PATHS = "$(inherited) @executable_path/Frameworks";
				PRODUCT_BUNDLE_IDENTIFIER = com.makeschool.BarBarGo;
				PRODUCT_NAME = "$(TARGET_NAME)";
			};
			name = Debug;
		};
		FFFFCFEE1D52F390005B2F23 /* Release */ = {
			isa = XCBuildConfiguration;
			baseConfigurationReference = FAA359D0F2D399E78126BE94 /* Pods-BarBarGo.release.xcconfig */;
			buildSettings = {
				ASSETCATALOG_COMPILER_APPICON_NAME = AppIcon;
				INFOPLIST_FILE = BarBarGo/Info.plist;
				LD_RUNPATH_SEARCH_PATHS = "$(inherited) @executable_path/Frameworks";
				PRODUCT_BUNDLE_IDENTIFIER = com.makeschool.BarBarGo;
				PRODUCT_NAME = "$(TARGET_NAME)";
			};
			name = Release;
		};
/* End XCBuildConfiguration section */

/* Begin XCConfigurationList section */
		FFFFCFD51D52F390005B2F23 /* Build configuration list for PBXProject "BarBarGo" */ = {
			isa = XCConfigurationList;
			buildConfigurations = (
				FFFFCFEA1D52F390005B2F23 /* Debug */,
				FFFFCFEB1D52F390005B2F23 /* Release */,
			);
			defaultConfigurationIsVisible = 0;
			defaultConfigurationName = Release;
		};
		FFFFCFEC1D52F390005B2F23 /* Build configuration list for PBXNativeTarget "BarBarGo" */ = {
			isa = XCConfigurationList;
			buildConfigurations = (
				FFFFCFED1D52F390005B2F23 /* Debug */,
				FFFFCFEE1D52F390005B2F23 /* Release */,
			);
			defaultConfigurationIsVisible = 0;
			defaultConfigurationName = Release;
		};
/* End XCConfigurationList section */
	};
	rootObject = FFFFCFD21D52F390005B2F23 /* Project object */;
}
